{
  "nodes": {
    "nixpkgs": {
      "locked": {
        "lastModified": 1731518944,
        "narHash": "sha256-tmzIz0iCCnnqXFS/lGkl1/+lGMn8lTiMshzd0v8LwYk=",
        "owner": "nixos",
        "repo": "nixpkgs",
        "rev": "18979df9f0be9d69f0e4d35059914c1a868c79b8",
        "type": "github"
      },
      "original": {
        "owner": "nixos",
        "repo": "nixpkgs",
        "type": "github"
      }
    },
    "root": {
      "inputs": {
        "nixpkgs": "nixpkgs"
      }
    }
  },
  "root": "root",
  "version": 7
}
